
Microsoft Visual Studio Solution File, Format Version 12.00
# Visual Studio Version 16
VisualStudioVersion = 16.0.31205.134
MinimumVisualStudioVersion = 10.0.40219.1
Project("{FAE04EC0-301F-11D3-BF4B-00C04F79EFBC}") = "MonopolyQuickConsoleGame", "MonopolyQuickConsoleGame.csproj", "{393C82EC-53E5-48F4-A44E-B6B2B5BCA913}"
EndProject
Project("{FAE04EC0-301F-11D3-BF4B-00C04F79EFBC}") = "MonopolyTests", "..\MonopolyTests\MonopolyTests.csproj", "{A10C4DDE-B3CF-4060-9476-33869CB8DC97}"
EndProject
Global
	GlobalSection(SolutionConfigurationPlatforms) = preSolution
		Debug|Any CPU = Debug|Any CPU
		Release|Any CPU = Release|Any CPU
	EndGlobalSection
	GlobalSection(ProjectConfigurationPlatforms) = postSolution
		{393C82EC-53E5-48F4-A44E-B6B2B5BCA913}.Debug|Any CPU.ActiveCfg = Debug|Any CPU
		{393C82EC-53E5-48F4-A44E-B6B2B5BCA913}.Debug|Any CPU.Build.0 = Debug|Any CPU
		{393C82EC-53E5-48F4-A44E-B6B2B5BCA913}.Release|Any CPU.ActiveCfg = Release|Any CPU
		{393C82EC-53E5-48F4-A44E-B6B2B5BCA913}.Release|Any CPU.Build.0 = Release|Any CPU
		{A10C4DDE-B3CF-4060-9476-33869CB8DC97}.Debug|Any CPU.ActiveCfg = Debug|Any CPU
		{A10C4DDE-B3CF-4060-9476-33869CB8DC97}.Debug|Any CPU.Build.0 = Debug|Any CPU
		{A10C4DDE-B3CF-4060-9476-33869CB8DC97}.Release|Any CPU.ActiveCfg = Release|Any CPU
		{A10C4DDE-B3CF-4060-9476-33869CB8DC97}.Release|Any CPU.Build.0 = Release|Any CPU
	EndGlobalSection
	GlobalSection(SolutionProperties) = preSolution
		HideSolutionNode = FALSE
	EndGlobalSection
	GlobalSection(ExtensibilityGlobals) = postSolution
		SolutionGuid = {DE888A70-F43D-45EC-B23A-BA3684FE0020}
	EndGlobalSection
EndGlobal
